{
  "object": {
    "pins": [
      {
        "package": "AirTurnInterface",
        "repositoryURL": "https://github.com/AirTurn/AirTurnInterface-mergeable-SP.git",
        "state": {
          "branch": null,
          "revision": "e22277d7d5ac369a4674e9636e1c2dea954b1db3",
          "version": "4.8.0-b.1"
        }
      }
    ]
  },
  "version": 1
}
