{
  "object": {
    "pins": [
      {
        "package": "AirTurnInterface",
        "repositoryURL": "https://github.com/AirTurn/AirTurnInterface-dynamic-SP.git",
        "state": {
          "branch": null,
          "revision": "600050a14ad557c154b5c5c72b4bb12897b5e236",
          "version": "4.7.2"
        }
      }
    ]
  },
  "version": 1
}
